<Solution>
    <Folder Name="/Tests/">
        <Project Path="tests/DragonSpark.Acme.IntegrationTests/DragonSpark.Acme.IntegrationTests.csproj"/>
        <Project Path="tests/DragonSpark.Acme.UnitTests/DragonSpark.Acme.UnitTests.csproj"/>
    </Folder>
    <Project Path="src/DragonSpark.Acme.EntityFramework/DragonSpark.Acme.EntityFramework.csproj"/>
    <Project Path="src/DragonSpark.Acme/DragonSpark.Acme.csproj"/>
    <Project Path="src/DragonSpark.AspNetCore.Acme/DragonSpark.AspNetCore.Acme.csproj"/>
</Solution>
